
Microsoft Visual Studio Solution File, Format Version 12.00
# Visual Studio Version 17
VisualStudioVersion = 17.5.33502.453
MinimumVisualStudioVersion = 10.0.40219.1
Project("{FAE04EC0-301F-11D3-BF4B-00C04F79EFBC}") = "NIR", "NIR.csproj", "{FAE908FD-3D6D-4666-A9D9-03091D745396}"
EndProject
Project("{FAE04EC0-301F-11D3-BF4B-00C04F79EFBC}") = "USBHIDDRIVER", "..\..\..\..\..\Work\binom\USB HID\lib\csharp-usb-hid-driver\USBHIDDRIVER\USBHIDDRIVER.csproj", "{58F64D08-1159-4A19-9EC4-DDD5ED056946}"
EndProject
Global
	GlobalSection(SolutionConfigurationPlatforms) = preSolution
		Debug|Any CPU = Debug|Any CPU
		Release|Any CPU = Release|Any CPU
	EndGlobalSection
	GlobalSection(ProjectConfigurationPlatforms) = postSolution
		{FAE908FD-3D6D-4666-A9D9-03091D745396}.Debug|Any CPU.ActiveCfg = Debug|Any CPU
		{FAE908FD-3D6D-4666-A9D9-03091D745396}.Debug|Any CPU.Build.0 = Debug|Any CPU
		{FAE908FD-3D6D-4666-A9D9-03091D745396}.Release|Any CPU.ActiveCfg = Release|Any CPU
		{FAE908FD-3D6D-4666-A9D9-03091D745396}.Release|Any CPU.Build.0 = Release|Any CPU
		{58F64D08-1159-4A19-9EC4-DDD5ED056946}.Debug|Any CPU.ActiveCfg = Debug|Any CPU
		{58F64D08-1159-4A19-9EC4-DDD5ED056946}.Debug|Any CPU.Build.0 = Debug|Any CPU
		{58F64D08-1159-4A19-9EC4-DDD5ED056946}.Release|Any CPU.ActiveCfg = Release|Any CPU
		{58F64D08-1159-4A19-9EC4-DDD5ED056946}.Release|Any CPU.Build.0 = Release|Any CPU
	EndGlobalSection
	GlobalSection(SolutionProperties) = preSolution
		HideSolutionNode = FALSE
	EndGlobalSection
	GlobalSection(ExtensibilityGlobals) = postSolution
		SolutionGuid = {7C484E65-A25A-4438-833C-11BD9D5338ED}
	EndGlobalSection
EndGlobal
